
Microsoft Visual Studio Solution File, Format Version 12.00
# Visual Studio Version 17
VisualStudioVersion = 17.12.35707.178
MinimumVisualStudioVersion = 10.0.40219.1
Project("{FAE04EC0-301F-11D3-BF4B-00C04F79EFBC}") = "examination system", "examination system\examination system.csproj", "{961EC183-B2A1-416B-AC96-12F282388866}"
EndProject
Project("{FAE04EC0-301F-11D3-BF4B-00C04F79EFBC}") = "Day8Tasks", "Day8Tasks\Day8Tasks.csproj", "{784185F5-E1CD-4377-9E78-B6B46AF17D5C}"
EndProject
Global
	GlobalSection(SolutionConfigurationPlatforms) = preSolution
		Debug|Any CPU = Debug|Any CPU
		Release|Any CPU = Release|Any CPU
	EndGlobalSection
	GlobalSection(ProjectConfigurationPlatforms) = postSolution
		{961EC183-B2A1-416B-AC96-12F282388866}.Debug|Any CPU.ActiveCfg = Debug|Any CPU
		{961EC183-B2A1-416B-AC96-12F282388866}.Debug|Any CPU.Build.0 = Debug|Any CPU
		{961EC183-B2A1-416B-AC96-12F282388866}.Release|Any CPU.ActiveCfg = Release|Any CPU
		{961EC183-B2A1-416B-AC96-12F282388866}.Release|Any CPU.Build.0 = Release|Any CPU
		{784185F5-E1CD-4377-9E78-B6B46AF17D5C}.Debug|Any CPU.ActiveCfg = Debug|Any CPU
		{784185F5-E1CD-4377-9E78-B6B46AF17D5C}.Debug|Any CPU.Build.0 = Debug|Any CPU
		{784185F5-E1CD-4377-9E78-B6B46AF17D5C}.Release|Any CPU.ActiveCfg = Release|Any CPU
		{784185F5-E1CD-4377-9E78-B6B46AF17D5C}.Release|Any CPU.Build.0 = Release|Any CPU
	EndGlobalSection
	GlobalSection(SolutionProperties) = preSolution
		HideSolutionNode = FALSE
	EndGlobalSection
EndGlobal
